
Microsoft Visual Studio Solution File, Format Version 12.00
# Visual Studio Version 17
VisualStudioVersion = 17.8.34511.84
MinimumVisualStudioVersion = 10.0.40219.1
Project("{9A19103F-16F7-4668-BE54-9A1E7A4F7556}") = "SensiveBlogProject.EntityLayer", "SensiveBlogProject.EntityLayer\SensiveBlogProject.EntityLayer.csproj", "{1B855FDF-CADE-4032-9A30-F3C06131ED66}"
EndProject
Project("{FAE04EC0-301F-11D3-BF4B-00C04F79EFBC}") = "SensiveBlogProject.DataAccessLayer", "SensiveBlogProject.DataAccessLayer\SensiveBlogProject.DataAccessLayer.csproj", "{DAA3DD28-E711-4D31-B05A-D0F726B848F9}"
EndProject
Project("{FAE04EC0-301F-11D3-BF4B-00C04F79EFBC}") = "SensiveBlogProject.BusinessLayer", "SensiveBlogProject.BusinessLayer\SensiveBlogProject.BusinessLayer.csproj", "{2406C9F4-BC0C-4D1E-8609-326983B24CD9}"
EndProject
Project("{FAE04EC0-301F-11D3-BF4B-00C04F79EFBC}") = "SensiveBlogProject.PresentationLayer", "SensiveBlogProject.PresentationLayer\SensiveBlogProject.PresentationLayer.csproj", "{5B5E1A52-70F5-425C-950B-635857104BD5}"
EndProject
Global
	GlobalSection(SolutionConfigurationPlatforms) = preSolution
		Debug|Any CPU = Debug|Any CPU
		Release|Any CPU = Release|Any CPU
	EndGlobalSection
	GlobalSection(ProjectConfigurationPlatforms) = postSolution
		{1B855FDF-CADE-4032-9A30-F3C06131ED66}.Debug|Any CPU.ActiveCfg = Debug|Any CPU
		{1B855FDF-CADE-4032-9A30-F3C06131ED66}.Debug|Any CPU.Build.0 = Debug|Any CPU
		{1B855FDF-CADE-4032-9A30-F3C06131ED66}.Release|Any CPU.ActiveCfg = Release|Any CPU
		{1B855FDF-CADE-4032-9A30-F3C06131ED66}.Release|Any CPU.Build.0 = Release|Any CPU
		{DAA3DD28-E711-4D31-B05A-D0F726B848F9}.Debug|Any CPU.ActiveCfg = Debug|Any CPU
		{DAA3DD28-E711-4D31-B05A-D0F726B848F9}.Debug|Any CPU.Build.0 = Debug|Any CPU
		{DAA3DD28-E711-4D31-B05A-D0F726B848F9}.Release|Any CPU.ActiveCfg = Release|Any CPU
		{DAA3DD28-E711-4D31-B05A-D0F726B848F9}.Release|Any CPU.Build.0 = Release|Any CPU
		{2406C9F4-BC0C-4D1E-8609-326983B24CD9}.Debug|Any CPU.ActiveCfg = Debug|Any CPU
		{2406C9F4-BC0C-4D1E-8609-326983B24CD9}.Debug|Any CPU.Build.0 = Debug|Any CPU
		{2406C9F4-BC0C-4D1E-8609-326983B24CD9}.Release|Any CPU.ActiveCfg = Release|Any CPU
		{2406C9F4-BC0C-4D1E-8609-326983B24CD9}.Release|Any CPU.Build.0 = Release|Any CPU
		{5B5E1A52-70F5-425C-950B-635857104BD5}.Debug|Any CPU.ActiveCfg = Debug|Any CPU
		{5B5E1A52-70F5-425C-950B-635857104BD5}.Debug|Any CPU.Build.0 = Debug|Any CPU
		{5B5E1A52-70F5-425C-950B-635857104BD5}.Release|Any CPU.ActiveCfg = Release|Any CPU
		{5B5E1A52-70F5-425C-950B-635857104BD5}.Release|Any CPU.Build.0 = Release|Any CPU
	EndGlobalSection
	GlobalSection(SolutionProperties) = preSolution
		HideSolutionNode = FALSE
	EndGlobalSection
	GlobalSection(ExtensibilityGlobals) = postSolution
		SolutionGuid = {B0A7047B-BB87-4CAA-BE66-7616C62C7773}
	EndGlobalSection
EndGlobal
